// !$*UTF8*$!
{
	archiveVersion = 1;
	classes = {
	};
	objectVersion = 48;
	objects = {

/* Begin PBXBuildFile section */
		4F8626BE204A390D007BF816 /* RNTwitterSDKLoginManager.m in Sources */ = {isa = PBXBuildFile; fileRef = 4F8626BD204A390D007BF816 /* RNTwitterSDKLoginManager.m */; };
		4F8626BF204A390D007BF816 /* RNTwitterSDKLoginManager.h in CopyFiles */ = {isa = PBXBuildFile; fileRef = 4F8626BC204A390D007BF816 /* RNTwitterSDKLoginManager.h */; };
		4F8626FD204A6B6B007BF816 /* TwitterKit.framework in Frameworks */ = {isa = PBXBuildFile; fileRef = 4F8626FB204A6B6B007BF816 /* TwitterKit.framework */; };
		4F8626FE204A6B6B007BF816 /* TwitterCore.framework in Frameworks */ = {isa = PBXBuildFile; fileRef = 4F8626FC204A6B6B007BF816 /* TwitterCore.framework */; };
/* End PBXBuildFile section */

/* Begin PBXCopyFilesBuildPhase section */
		4F8626B7204A390D007BF816 /* CopyFiles */ = {
			isa = PBXCopyFilesBuildPhase;
			buildActionMask = 2147483647;
			dstPath = "include/$(PRODUCT_NAME)";
			dstSubfolderSpec = 16;
			files = (
				4F8626BF204A390D007BF816 /* RNTwitterSDKLoginManager.h in CopyFiles */,
			);
			runOnlyForDeploymentPostprocessing = 0;
		};
/* End PBXCopyFilesBuildPhase section */

/* Begin PBXFileReference section */
		4F8626B9204A390D007BF816 /* libRNTwitterSDK.a */ = {isa = PBXFileReference; explicitFileType = archive.ar; includeInIndex = 0; path = libRNTwitterSDK.a; sourceTree = BUILT_PRODUCTS_DIR; };
		4F8626BC204A390D007BF816 /* RNTwitterSDKLoginManager.h */ = {isa = PBXFileReference; lastKnownFileType = sourcecode.c.h; path = RNTwitterSDKLoginManager.h; sourceTree = "<group>"; };
		4F8626BD204A390D007BF816 /* RNTwitterSDKLoginManager.m */ = {isa = PBXFileReference; lastKnownFileType = sourcecode.c.objc; path = RNTwitterSDKLoginManager.m; sourceTree = "<group>"; };
		4F8626FB204A6B6B007BF816 /* TwitterKit.framework */ = {isa = PBXFileReference; lastKnownFileType = wrapper.framework; name = TwitterKit.framework; path = ../../../../../Users/justhive/Documents/TwitterSDK/TwitterKit.framework; sourceTree = "<group>"; };
		4F8626FC204A6B6B007BF816 /* TwitterCore.framework */ = {isa = PBXFileReference; lastKnownFileType = wrapper.framework; name = TwitterCore.framework; path = ../../../../../Users/justhive/Documents/TwitterSDK/TwitterCore.framework; sourceTree = "<group>"; };
/* End PBXFileReference section */

/* Begin PBXFrameworksBuildPhase section */
		4F8626B6204A390D007BF816 /* Frameworks */ = {
			isa = PBXFrameworksBuildPhase;
			buildActionMask = 2147483647;
			files = (
				4F8626FD204A6B6B007BF816 /* TwitterKit.framework in Frameworks */,
				4F8626FE204A6B6B007BF816 /* TwitterCore.framework in Frameworks */,
			);
			runOnlyForDeploymentPostprocessing = 0;
		};
/* End PBXFrameworksBuildPhase section */

/* Begin PBXGroup section */
		4F8626B0204A390D007BF816 = {
			isa = PBXGroup;
			children = (
				4F8626BB204A390D007BF816 /* RNTwitterSDK */,
				4F8626BA204A390D007BF816 /* Products */,
			);
			sourceTree = "<group>";
		};
		4F8626BA204A390D007BF816 /* Products */ = {
			isa = PBXGroup;
			children = (
				4F8626B9204A390D007BF816 /* libRNTwitterSDK.a */,
			);
			name = Products;
			sourceTree = "<group>";
		};
		4F8626BB204A390D007BF816 /* RNTwitterSDK */ = {
			isa = PBXGroup;
			children = (
				4F8626F8204A6B42007BF816 /* Frameworks */,
				4F8626D0204A396B007BF816 /* login */,
			);
			path = RNTwitterSDK;
			sourceTree = "<group>";
		};
		4F8626D0204A396B007BF816 /* login */ = {
			isa = PBXGroup;
			children = (
				4F8626BC204A390D007BF816 /* RNTwitterSDKLoginManager.h */,
				4F8626BD204A390D007BF816 /* RNTwitterSDKLoginManager.m */,
			);
			path = login;
			sourceTree = "<group>";
		};
		4F8626F8204A6B42007BF816 /* Frameworks */ = {
			isa = PBXGroup;
			children = (
				4F8626FC204A6B6B007BF816 /* TwitterCore.framework */,
				4F8626FB204A6B6B007BF816 /* TwitterKit.framework */,
			);
			name = Frameworks;
			sourceTree = "<group>";
		};
/* End PBXGroup section */

/* Begin PBXNativeTarget section */
		4F8626B8204A390D007BF816 /* RNTwitterSDK */ = {
			isa = PBXNativeTarget;
			buildConfigurationList = 4F8626C2204A390D007BF816 /* Build configuration list for PBXNativeTarget "RNTwitterSDK" */;
			buildPhases = (
				4F8626B5204A390D007BF816 /* Sources */,
				4F8626B6204A390D007BF816 /* Frameworks */,
				4F8626B7204A390D007BF816 /* CopyFiles */,
			);
			buildRules = (
			);
			dependencies = (
			);
			name = RNTwitterSDK;
			productName = RNTwitterSDK;
			productReference = 4F8626B9204A390D007BF816 /* libRNTwitterSDK.a */;
			productType = "com.apple.product-type.library.static";
		};
/* End PBXNativeTarget section */

/* Begin PBXProject section */
		4F8626B1204A390D007BF816 /* Project object */ = {
			isa = PBXProject;
			attributes = {
				LastUpgradeCheck = 0920;
				ORGANIZATIONNAME = Muso;
				TargetAttributes = {
					4F8626B8204A390D007BF816 = {
						CreatedOnToolsVersion = 9.2;
						ProvisioningStyle = Automatic;
					};
				};
			};
			buildConfigurationList = 4F8626B4204A390D007BF816 /* Build configuration list for PBXProject "RNTwitterSDK" */;
			compatibilityVersion = "Xcode 8.0";
			developmentRegion = en;
			hasScannedForEncodings = 0;
			knownRegions = (
				en,
			);
			mainGroup = 4F8626B0204A390D007BF816;
			productRefGroup = 4F8626BA204A390D007BF816 /* Products */;
			projectDirPath = "";
			projectRoot = "";
			targets = (
				4F8626B8204A390D007BF816 /* RNTwitterSDK */,
			);
		};
/* End PBXProject section */

/* Begin PBXSourcesBuildPhase section */
		4F8626B5204A390D007BF816 /* Sources */ = {
			isa = PBXSourcesBuildPhase;
			buildActionMask = 2147483647;
			files = (
				4F8626BE204A390D007BF816 /* RNTwitterSDKLoginManager.m in Sources */,
			);
			runOnlyForDeploymentPostprocessing = 0;
		};
/* End PBXSourcesBuildPhase section */

/* Begin XCBuildConfiguration section */
		4F8626C0204A390D007BF816 /* Debug */ = {
			isa = XCBuildConfiguration;
			buildSettings = {
				ALWAYS_SEARCH_USER_PATHS = NO;
				CLANG_ANALYZER_NONNULL = YES;
				CLANG_ANALYZER_NUMBER_OBJECT_CONVERSION = YES_AGGRESSIVE;
				CLANG_CXX_LANGUAGE_STANDARD = "gnu++14";
				CLANG_CXX_LIBRARY = "libc++";
				CLANG_ENABLE_MODULES = YES;
				CLANG_ENABLE_OBJC_ARC = YES;
				CLANG_WARN_BLOCK_CAPTURE_AUTORELEASING = YES;
				CLANG_WARN_BOOL_CONVERSION = YES;
				CLANG_WARN_COMMA = YES;
				CLANG_WARN_CONSTANT_CONVERSION = YES;
				CLANG_WARN_DIRECT_OBJC_ISA_USAGE = YES_ERROR;
				CLANG_WARN_DOCUMENTATION_COMMENTS = YES;
				CLANG_WARN_EMPTY_BODY = YES;
				CLANG_WARN_ENUM_CONVERSION = YES;
				CLANG_WARN_INFINITE_RECURSION = YES;
				CLANG_WARN_INT_CONVERSION = YES;
				CLANG_WARN_NON_LITERAL_NULL_CONVERSION = YES;
				CLANG_WARN_OBJC_LITERAL_CONVERSION = YES;
				CLANG_WARN_OBJC_ROOT_CLASS = YES_ERROR;
				CLANG_WARN_RANGE_LOOP_ANALYSIS = YES;
				CLANG_WARN_STRICT_PROTOTYPES = YES;
				CLANG_WARN_SUSPICIOUS_MOVE = YES;
				CLANG_WARN_UNGUARDED_AVAILABILITY = YES_AGGRESSIVE;
				CLANG_WARN_UNREACHABLE_CODE = YES;
				CLANG_WARN__DUPLICATE_METHOD_MATCH = YES;
				CODE_SIGN_IDENTITY = "iPhone Developer";
				COPY_PHASE_STRIP = NO;
				DEBUG_INFORMATION_FORMAT = dwarf;
				ENABLE_STRICT_OBJC_MSGSEND = YES;
				ENABLE_TESTABILITY = YES;
				GCC_C_LANGUAGE_STANDARD = gnu11;
				GCC_DYNAMIC_NO_PIC = NO;
				GCC_NO_COMMON_BLOCKS = YES;
				GCC_OPTIMIZATION_LEVEL = 0;
				GCC_PREPROCESSOR_DEFINITIONS = (
					"DEBUG=1",
					"$(inherited)",
				);
				GCC_WARN_64_TO_32_BIT_CONVERSION = YES;
				GCC_WARN_ABOUT_RETURN_TYPE = YES_ERROR;
				GCC_WARN_UNDECLARED_SELECTOR = YES;
				GCC_WARN_UNINITIALIZED_AUTOS = YES_AGGRESSIVE;
				GCC_WARN_UNUSED_FUNCTION = YES;
				GCC_WARN_UNUSED_VARIABLE = YES;
				IPHONEOS_DEPLOYMENT_TARGET = 9.0;
				MTL_ENABLE_DEBUG_INFO = YES;
				ONLY_ACTIVE_ARCH = YES;
				SDKROOT = iphoneos;
			};
			name = Debug;
		};
		4F8626C1204A390D007BF816 /* Release */ = {
			isa = XCBuildConfiguration;
			buildSettings = {
				ALWAYS_SEARCH_USER_PATHS = NO;
				CLANG_ANALYZER_NONNULL = YES;
				CLANG_ANALYZER_NUMBER_OBJECT_CONVERSION = YES_AGGRESSIVE;
				CLANG_CXX_LANGUAGE_STANDARD = "gnu++14";
				CLANG_CXX_LIBRARY = "libc++";
				CLANG_ENABLE_MODULES = YES;
				CLANG_ENABLE_OBJC_ARC = YES;
				CLANG_WARN_BLOCK_CAPTURE_AUTORELEASING = YES;
				CLANG_WARN_BOOL_CONVERSION = YES;
				CLANG_WARN_COMMA = YES;
				CLANG_WARN_CONSTANT_CONVERSION = YES;
				CLANG_WARN_DIRECT_OBJC_ISA_USAGE = YES_ERROR;
				CLANG_WARN_DOCUMENTATION_COMMENTS = YES;
				CLANG_WARN_EMPTY_BODY = YES;
				CLANG_WARN_ENUM_CONVERSION = YES;
				CLANG_WARN_INFINITE_RECURSION = YES;
				CLANG_WARN_INT_CONVERSION = YES;
				CLANG_WARN_NON_LITERAL_NULL_CONVERSION = YES;
				CLANG_WARN_OBJC_LITERAL_CONVERSION = YES;
				CLANG_WARN_OBJC_ROOT_CLASS = YES_ERROR;
				CLANG_WARN_RANGE_LOOP_ANALYSIS = YES;
				CLANG_WARN_STRICT_PROTOTYPES = YES;
				CLANG_WARN_SUSPICIOUS_MOVE = YES;
				CLANG_WARN_UNGUARDED_AVAILABILITY = YES_AGGRESSIVE;
				CLANG_WARN_UNREACHABLE_CODE = YES;
				CLANG_WARN__DUPLICATE_METHOD_MATCH = YES;
				CODE_SIGN_IDENTITY = "iPhone Developer";
				COPY_PHASE_STRIP = NO;
				DEBUG_INFORMATION_FORMAT = "dwarf-with-dsym";
				ENABLE_NS_ASSERTIONS = NO;
				ENABLE_STRICT_OBJC_MSGSEND = YES;
				GCC_C_LANGUAGE_STANDARD = gnu11;
				GCC_NO_COMMON_BLOCKS = YES;
				GCC_WARN_64_TO_32_BIT_CONVERSION = YES;
				GCC_WARN_ABOUT_RETURN_TYPE = YES_ERROR;
				GCC_WARN_UNDECLARED_SELECTOR = YES;
				GCC_WARN_UNINITIALIZED_AUTOS = YES_AGGRESSIVE;
				GCC_WARN_UNUSED_FUNCTION = YES;
				GCC_WARN_UNUSED_VARIABLE = YES;
				IPHONEOS_DEPLOYMENT_TARGET = 9.0;
				MTL_ENABLE_DEBUG_INFO = NO;
				SDKROOT = iphoneos;
				VALIDATE_PRODUCT = YES;
			};
			name = Release;
		};
		4F8626C3204A390D007BF816 /* Debug */ = {
			isa = XCBuildConfiguration;
			buildSettings = {
				CODE_SIGN_STYLE = Automatic;
				FRAMEWORK_SEARCH_PATHS = (
					"$(inherited)",
					"~/Documents/TwitterSDK",
					"$(PROJECT_DIR)/../../../ios/Frameworks",
					"$(PROJECT_DIR)/../../../ios/Pods",
				);
				HEADER_SEARCH_PATHS = (
					"$(inherited)",
					/Applications/Xcode.app/Contents/Developer/Toolchains/XcodeDefault.xctoolchain/usr/include,
				);
				OTHER_LDFLAGS = "-ObjC";
				PRODUCT_NAME = "$(TARGET_NAME)";
				SKIP_INSTALL = YES;
				TARGETED_DEVICE_FAMILY = "1,2";
			};
			name = Debug;
		};
		4F8626C4204A390D007BF816 /* Release */ = {
			isa = XCBuildConfiguration;
			buildSettings = {
				CODE_SIGN_STYLE = Automatic;
				FRAMEWORK_SEARCH_PATHS = (
					"$(inherited)",
					"~/Documents/TwitterSDK",
					"$(PROJECT_DIR)/../../../ios/Frameworks",
					"$(PROJECT_DIR)/../../../ios/Pods",
				);
				HEADER_SEARCH_PATHS = (
					"$(inherited)",
					/Applications/Xcode.app/Contents/Developer/Toolchains/XcodeDefault.xctoolchain/usr/include,
				);
				OTHER_LDFLAGS = "-ObjC";
				PRODUCT_NAME = "$(TARGET_NAME)";
				SKIP_INSTALL = YES;
				TARGETED_DEVICE_FAMILY = "1,2";
			};
			name = Release;
		};
/* End XCBuildConfiguration section */

/* Begin XCConfigurationList section */
		4F8626B4204A390D007BF816 /* Build configuration list for PBXProject "RNTwitterSDK" */ = {
			isa = XCConfigurationList;
			buildConfigurations = (
				4F8626C0204A390D007BF816 /* Debug */,
				4F8626C1204A390D007BF816 /* Release */,
			);
			defaultConfigurationIsVisible = 0;
			defaultConfigurationName = Release;
		};
		4F8626C2204A390D007BF816 /* Build configuration list for PBXNativeTarget "RNTwitterSDK" */ = {
			isa = XCConfigurationList;
			buildConfigurations = (
				4F8626C3204A390D007BF816 /* Debug */,
				4F8626C4204A390D007BF816 /* Release */,
			);
			defaultConfigurationIsVisible = 0;
			defaultConfigurationName = Release;
		};
/* End XCConfigurationList section */
	};
	rootObject = 4F8626B1204A390D007BF816 /* Project object */;
}
